
Microsoft Visual Studio Solution File, Format Version 12.00
# Visual Studio Version 17
VisualStudioVersion = 17.8.34408.163
MinimumVisualStudioVersion = 10.0.40219.1
Project("{FAE04EC0-301F-11D3-BF4B-00C04F79EFBC}") = "LCWalkieInterfereMod", "LCWalkieInterfereMod.csproj", "{D3946563-48A1-4527-8977-3A43C5BAA7ED}"
EndProject
Global
	GlobalSection(SolutionConfigurationPlatforms) = preSolution
		Custom1|Any CPU = Custom1|Any CPU
		Debug|Any CPU = Debug|Any CPU
		Release|Any CPU = Release|Any CPU
	EndGlobalSection
	GlobalSection(ProjectConfigurationPlatforms) = postSolution
		{D3946563-48A1-4527-8977-3A43C5BAA7ED}.Custom1|Any CPU.ActiveCfg = Custom1|Any CPU
		{D3946563-48A1-4527-8977-3A43C5BAA7ED}.Custom1|Any CPU.Build.0 = Custom1|Any CPU
		{D3946563-48A1-4527-8977-3A43C5BAA7ED}.Debug|Any CPU.ActiveCfg = Debug|Any CPU
		{D3946563-48A1-4527-8977-3A43C5BAA7ED}.Debug|Any CPU.Build.0 = Debug|Any CPU
		{D3946563-48A1-4527-8977-3A43C5BAA7ED}.Release|Any CPU.ActiveCfg = Release|Any CPU
		{D3946563-48A1-4527-8977-3A43C5BAA7ED}.Release|Any CPU.Build.0 = Release|Any CPU
	EndGlobalSection
	GlobalSection(SolutionProperties) = preSolution
		HideSolutionNode = FALSE
	EndGlobalSection
	GlobalSection(ExtensibilityGlobals) = postSolution
		SolutionGuid = {26122CBF-3943-4A67-8127-72FEBE8C3015}
	EndGlobalSection
EndGlobal
